// !$*UTF8*$!
{
	archiveVersion = 1;
	classes = {
	};
	objectVersion = 46;
	objects = {

/* Begin PBXBuildFile section */
		831C71B91FEC7035004FAF1B /* AppDelegate.swift in Sources */ = {isa = PBXBuildFile; fileRef = 831C71B81FEC7035004FAF1B /* AppDelegate.swift */; };
		831C71BB1FEC7035004FAF1B /* ViewController.swift in Sources */ = {isa = PBXBuildFile; fileRef = 831C71BA1FEC7035004FAF1B /* ViewController.swift */; };
		831C71BE1FEC7035004FAF1B /* Main.storyboard in Resources */ = {isa = PBXBuildFile; fileRef = 831C71BC1FEC7035004FAF1B /* Main.storyboard */; };
		831C71C01FEC7035004FAF1B /* Assets.xcassets in Resources */ = {isa = PBXBuildFile; fileRef = 831C71BF1FEC7035004FAF1B /* Assets.xcassets */; };
		831C71C31FEC7035004FAF1B /* LaunchScreen.storyboard in Resources */ = {isa = PBXBuildFile; fileRef = 831C71C11FEC7035004FAF1B /* LaunchScreen.storyboard */; };
		831C71CB1FEC9F15004FAF1B /* CalculatorModel.swift in Sources */ = {isa = PBXBuildFile; fileRef = 831C71CA1FEC9F15004FAF1B /* CalculatorModel.swift */; };
/* End PBXBuildFile section */

/* Begin PBXFileReference section */
		831C71B51FEC7035004FAF1B /* Calculator3.app */ = {isa = PBXFileReference; explicitFileType = wrapper.application; includeInIndex = 0; path = Calculator3.app; sourceTree = BUILT_PRODUCTS_DIR; };
		831C71B81FEC7035004FAF1B /* AppDelegate.swift */ = {isa = PBXFileReference; lastKnownFileType = sourcecode.swift; path = AppDelegate.swift; sourceTree = "<group>"; };
		831C71BA1FEC7035004FAF1B /* ViewController.swift */ = {isa = PBXFileReference; lastKnownFileType = sourcecode.swift; path = ViewController.swift; sourceTree = "<group>"; };
		831C71BD1FEC7035004FAF1B /* Base */ = {isa = PBXFileReference; lastKnownFileType = file.storyboard; name = Base; path = Base.lproj/Main.storyboard; sourceTree = "<group>"; };
		831C71BF1FEC7035004FAF1B /* Assets.xcassets */ = {isa = PBXFileReference; lastKnownFileType = folder.assetcatalog; path = Assets.xcassets; sourceTree = "<group>"; };
		831C71C21FEC7035004FAF1B /* Base */ = {isa = PBXFileReference; lastKnownFileType = file.storyboard; name = Base; path = Base.lproj/LaunchScreen.storyboard; sourceTree = "<group>"; };
		831C71C41FEC7035004FAF1B /* Info.plist */ = {isa = PBXFileReference; lastKnownFileType = text.plist.xml; path = Info.plist; sourceTree = "<group>"; };
		831C71CA1FEC9F15004FAF1B /* CalculatorModel.swift */ = {isa = PBXFileReference; fileEncoding = 4; lastKnownFileType = sourcecode.swift; path = CalculatorModel.swift; sourceTree = "<group>"; };
/* End PBXFileReference section */

/* Begin PBXFrameworksBuildPhase section */
		831C71B21FEC7035004FAF1B /* Frameworks */ = {
			isa = PBXFrameworksBuildPhase;
			buildActionMask = 2147483647;
			files = (
			);
			runOnlyForDeploymentPostprocessing = 0;
		};
/* End PBXFrameworksBuildPhase section */

/* Begin PBXGroup section */
		831C71AC1FEC7035004FAF1B = {
			isa = PBXGroup;
			children = (
				831C71B71FEC7035004FAF1B /* Calculator3 */,
				831C71B61FEC7035004FAF1B /* Products */,
			);
			sourceTree = "<group>";
		};
		831C71B61FEC7035004FAF1B /* Products */ = {
			isa = PBXGroup;
			children = (
				831C71B51FEC7035004FAF1B /* Calculator3.app */,
			);
			name = Products;
			sourceTree = "<group>";
		};
		831C71B71FEC7035004FAF1B /* Calculator3 */ = {
			isa = PBXGroup;
			children = (
				8335B35E200440B60038110E /* Supporting Files */,
				831C71BA1FEC7035004FAF1B /* ViewController.swift */,
				831C71BC1FEC7035004FAF1B /* Main.storyboard */,
				831C71CA1FEC9F15004FAF1B /* CalculatorModel.swift */,
			);
			path = Calculator3;
			sourceTree = "<group>";
		};
		8335B35E200440B60038110E /* Supporting Files */ = {
			isa = PBXGroup;
			children = (
				831C71B81FEC7035004FAF1B /* AppDelegate.swift */,
				831C71BF1FEC7035004FAF1B /* Assets.xcassets */,
				831C71C11FEC7035004FAF1B /* LaunchScreen.storyboard */,
				831C71C41FEC7035004FAF1B /* Info.plist */,
			);
			name = "Supporting Files";
			sourceTree = "<group>";
		};
/* End PBXGroup section */

/* Begin PBXNativeTarget section */
		831C71B41FEC7035004FAF1B /* Calculator3 */ = {
			isa = PBXNativeTarget;
			buildConfigurationList = 831C71C71FEC7035004FAF1B /* Build configuration list for PBXNativeTarget "Calculator3" */;
			buildPhases = (
				831C71B11FEC7035004FAF1B /* Sources */,
				831C71B21FEC7035004FAF1B /* Frameworks */,
				831C71B31FEC7035004FAF1B /* Resources */,
			);
			buildRules = (
			);
			dependencies = (
			);
			name = Calculator3;
			productName = Calculator3;
			productReference = 831C71B51FEC7035004FAF1B /* Calculator3.app */;
			productType = "com.apple.product-type.application";
		};
/* End PBXNativeTarget section */

/* Begin PBXProject section */
		831C71AD1FEC7035004FAF1B /* Project object */ = {
			isa = PBXProject;
			attributes = {
				LastSwiftUpdateCheck = 0820;
				LastUpgradeCheck = 0820;
				ORGANIZATIONNAME = "Daniel Lee";
				TargetAttributes = {
					831C71B41FEC7035004FAF1B = {
						CreatedOnToolsVersion = 8.2.1;
						DevelopmentTeam = JEHPJ4HXD2;
						ProvisioningStyle = Automatic;
					};
				};
			};
			buildConfigurationList = 831C71B01FEC7035004FAF1B /* Build configuration list for PBXProject "Calculator3" */;
			compatibilityVersion = "Xcode 3.2";
			developmentRegion = English;
			hasScannedForEncodings = 0;
			knownRegions = (
				en,
				Base,
			);
			mainGroup = 831C71AC1FEC7035004FAF1B;
			productRefGroup = 831C71B61FEC7035004FAF1B /* Products */;
			projectDirPath = "";
			projectRoot = "";
			targets = (
				831C71B41FEC7035004FAF1B /* Calculator3 */,
			);
		};
/* End PBXProject section */

/* Begin PBXResourcesBuildPhase section */
		831C71B31FEC7035004FAF1B /* Resources */ = {
			isa = PBXResourcesBuildPhase;
			buildActionMask = 2147483647;
			files = (
				831C71C31FEC7035004FAF1B /* LaunchScreen.storyboard in Resources */,
				831C71C01FEC7035004FAF1B /* Assets.xcassets in Resources */,
				831C71BE1FEC7035004FAF1B /* Main.storyboard in Resources */,
			);
			runOnlyForDeploymentPostprocessing = 0;
		};
/* End PBXResourcesBuildPhase section */

/* Begin PBXSourcesBuildPhase section */
		831C71B11FEC7035004FAF1B /* Sources */ = {
			isa = PBXSourcesBuildPhase;
			buildActionMask = 2147483647;
			files = (
				831C71CB1FEC9F15004FAF1B /* CalculatorModel.swift in Sources */,
				831C71BB1FEC7035004FAF1B /* ViewController.swift in Sources */,
				831C71B91FEC7035004FAF1B /* AppDelegate.swift in Sources */,
			);
			runOnlyForDeploymentPostprocessing = 0;
		};
/* End PBXSourcesBuildPhase section */

/* Begin PBXVariantGroup section */
		831C71BC1FEC7035004FAF1B /* Main.storyboard */ = {
			isa = PBXVariantGroup;
			children = (
				831C71BD1FEC7035004FAF1B /* Base */,
			);
			name = Main.storyboard;
			sourceTree = "<group>";
		};
		831C71C11FEC7035004FAF1B /* LaunchScreen.storyboard */ = {
			isa = PBXVariantGroup;
			children = (
				831C71C21FEC7035004FAF1B /* Base */,
			);
			name = LaunchScreen.storyboard;
			sourceTree = "<group>";
		};
/* End PBXVariantGroup section */

/* Begin XCBuildConfiguration section */
		831C71C51FEC7035004FAF1B /* Debug */ = {
			isa = XCBuildConfiguration;
			buildSettings = {
				ALWAYS_SEARCH_USER_PATHS = NO;
				CLANG_ANALYZER_NONNULL = YES;
				CLANG_CXX_LANGUAGE_STANDARD = "gnu++0x";
				CLANG_CXX_LIBRARY = "libc++";
				CLANG_ENABLE_MODULES = YES;
				CLANG_ENABLE_OBJC_ARC = YES;
				CLANG_WARN_BOOL_CONVERSION = YES;
				CLANG_WARN_CONSTANT_CONVERSION = YES;
				CLANG_WARN_DIRECT_OBJC_ISA_USAGE = YES_ERROR;
				CLANG_WARN_DOCUMENTATION_COMMENTS = YES;
				CLANG_WARN_EMPTY_BODY = YES;
				CLANG_WARN_ENUM_CONVERSION = YES;
				CLANG_WARN_INFINITE_RECURSION = YES;
				CLANG_WARN_INT_CONVERSION = YES;
				CLANG_WARN_OBJC_ROOT_CLASS = YES_ERROR;
				CLANG_WARN_SUSPICIOUS_MOVE = YES;
				CLANG_WARN_UNREACHABLE_CODE = YES;
				CLANG_WARN__DUPLICATE_METHOD_MATCH = YES;
				"CODE_SIGN_IDENTITY[sdk=iphoneos*]" = "iPhone Developer";
				COPY_PHASE_STRIP = NO;
				DEBUG_INFORMATION_FORMAT = dwarf;
				ENABLE_STRICT_OBJC_MSGSEND = YES;
				ENABLE_TESTABILITY = YES;
				GCC_C_LANGUAGE_STANDARD = gnu99;
				GCC_DYNAMIC_NO_PIC = NO;
				GCC_NO_COMMON_BLOCKS = YES;
				GCC_OPTIMIZATION_LEVEL = 0;
				GCC_PREPROCESSOR_DEFINITIONS = (
					"DEBUG=1",
					"$(inherited)",
				);
				GCC_WARN_64_TO_32_BIT_CONVERSION = YES;
				GCC_WARN_ABOUT_RETURN_TYPE = YES_ERROR;
				GCC_WARN_UNDECLARED_SELECTOR = YES;
				GCC_WARN_UNINITIALIZED_AUTOS = YES_AGGRESSIVE;
				GCC_WARN_UNUSED_FUNCTION = YES;
				GCC_WARN_UNUSED_VARIABLE = YES;
				IPHONEOS_DEPLOYMENT_TARGET = 10.2;
				MTL_ENABLE_DEBUG_INFO = YES;
				ONLY_ACTIVE_ARCH = YES;
				SDKROOT = iphoneos;
				SWIFT_ACTIVE_COMPILATION_CONDITIONS = DEBUG;
				SWIFT_OPTIMIZATION_LEVEL = "-Onone";
				TARGETED_DEVICE_FAMILY = "1,2";
			};
			name = Debug;
		};
		831C71C61FEC7035004FAF1B /* Release */ = {
			isa = XCBuildConfiguration;
			buildSettings = {
				ALWAYS_SEARCH_USER_PATHS = NO;
				CLANG_ANALYZER_NONNULL = YES;
				CLANG_CXX_LANGUAGE_STANDARD = "gnu++0x";
				CLANG_CXX_LIBRARY = "libc++";
				CLANG_ENABLE_MODULES = YES;
				CLANG_ENABLE_OBJC_ARC = YES;
				CLANG_WARN_BOOL_CONVERSION = YES;
				CLANG_WARN_CONSTANT_CONVERSION = YES;
				CLANG_WARN_DIRECT_OBJC_ISA_USAGE = YES_ERROR;
				CLANG_WARN_DOCUMENTATION_COMMENTS = YES;
				CLANG_WARN_EMPTY_BODY = YES;
				CLANG_WARN_ENUM_CONVERSION = YES;
				CLANG_WARN_INFINITE_RECURSION = YES;
				CLANG_WARN_INT_CONVERSION = YES;
				CLANG_WARN_OBJC_ROOT_CLASS = YES_ERROR;
				CLANG_WARN_SUSPICIOUS_MOVE = YES;
				CLANG_WARN_UNREACHABLE_CODE = YES;
				CLANG_WARN__DUPLICATE_METHOD_MATCH = YES;
				"CODE_SIGN_IDENTITY[sdk=iphoneos*]" = "iPhone Developer";
				COPY_PHASE_STRIP = NO;
				DEBUG_INFORMATION_FORMAT = "dwarf-with-dsym";
				ENABLE_NS_ASSERTIONS = NO;
				ENABLE_STRICT_OBJC_MSGSEND = YES;
				GCC_C_LANGUAGE_STANDARD = gnu99;
				GCC_NO_COMMON_BLOCKS = YES;
				GCC_WARN_64_TO_32_BIT_CONVERSION = YES;
				GCC_WARN_ABOUT_RETURN_TYPE = YES_ERROR;
				GCC_WARN_UNDECLARED_SELECTOR = YES;
				GCC_WARN_UNINITIALIZED_AUTOS = YES_AGGRESSIVE;
				GCC_WARN_UNUSED_FUNCTION = YES;
				GCC_WARN_UNUSED_VARIABLE = YES;
				IPHONEOS_DEPLOYMENT_TARGET = 10.2;
				MTL_ENABLE_DEBUG_INFO = NO;
				SDKROOT = iphoneos;
				SWIFT_OPTIMIZATION_LEVEL = "-Owholemodule";
				TARGETED_DEVICE_FAMILY = "1,2";
				VALIDATE_PRODUCT = YES;
			};
			name = Release;
		};
		831C71C81FEC7035004FAF1B /* Debug */ = {
			isa = XCBuildConfiguration;
			buildSettings = {
				ASSETCATALOG_COMPILER_APPICON_NAME = AppIcon;
				DEVELOPMENT_TEAM = JEHPJ4HXD2;
				INFOPLIST_FILE = Calculator3/Info.plist;
				LD_RUNPATH_SEARCH_PATHS = "$(inherited) @executable_path/Frameworks";
				PRODUCT_BUNDLE_IDENTIFIER = com.danieel.Calculator3;
				PRODUCT_NAME = "$(TARGET_NAME)";
				SWIFT_VERSION = 3.0;
			};
			name = Debug;
		};
		831C71C91FEC7035004FAF1B /* Release */ = {
			isa = XCBuildConfiguration;
			buildSettings = {
				ASSETCATALOG_COMPILER_APPICON_NAME = AppIcon;
				DEVELOPMENT_TEAM = JEHPJ4HXD2;
				INFOPLIST_FILE = Calculator3/Info.plist;
				LD_RUNPATH_SEARCH_PATHS = "$(inherited) @executable_path/Frameworks";
				PRODUCT_BUNDLE_IDENTIFIER = com.danieel.Calculator3;
				PRODUCT_NAME = "$(TARGET_NAME)";
				SWIFT_VERSION = 3.0;
			};
			name = Release;
		};
/* End XCBuildConfiguration section */

/* Begin XCConfigurationList section */
		831C71B01FEC7035004FAF1B /* Build configuration list for PBXProject "Calculator3" */ = {
			isa = XCConfigurationList;
			buildConfigurations = (
				831C71C51FEC7035004FAF1B /* Debug */,
				831C71C61FEC7035004FAF1B /* Release */,
			);
			defaultConfigurationIsVisible = 0;
			defaultConfigurationName = Release;
		};
		831C71C71FEC7035004FAF1B /* Build configuration list for PBXNativeTarget "Calculator3" */ = {
			isa = XCConfigurationList;
			buildConfigurations = (
				831C71C81FEC7035004FAF1B /* Debug */,
				831C71C91FEC7035004FAF1B /* Release */,
			);
			defaultConfigurationIsVisible = 0;
			defaultConfigurationName = Release;
		};
/* End XCConfigurationList section */
	};
	rootObject = 831C71AD1FEC7035004FAF1B /* Project object */;
}
